
Microsoft Visual Studio Solution File, Format Version 12.00
# Visual Studio Version 17
VisualStudioVersion = 17.3.32929.385
MinimumVisualStudioVersion = 10.0.40219.1
Project("{151D2E53-A2C4-4D7D-83FE-D05416EBD58E}") = "infra", "infra\infra.deployproj", "{EAF6CBA5-C152-48F8-9E3E-FA0C20BF8776}"
EndProject
Global
	GlobalSection(SolutionConfigurationPlatforms) = preSolution
		Debug|Any CPU = Debug|Any CPU
		Release|Any CPU = Release|Any CPU
	EndGlobalSection
	GlobalSection(ProjectConfigurationPlatforms) = postSolution
		{EAF6CBA5-C152-48F8-9E3E-FA0C20BF8776}.Debug|Any CPU.ActiveCfg = Debug|Any CPU
		{EAF6CBA5-C152-48F8-9E3E-FA0C20BF8776}.Debug|Any CPU.Build.0 = Debug|Any CPU
		{EAF6CBA5-C152-48F8-9E3E-FA0C20BF8776}.Release|Any CPU.ActiveCfg = Release|Any CPU
		{EAF6CBA5-C152-48F8-9E3E-FA0C20BF8776}.Release|Any CPU.Build.0 = Release|Any CPU
	EndGlobalSection
	GlobalSection(SolutionProperties) = preSolution
		HideSolutionNode = FALSE
	EndGlobalSection
	GlobalSection(ExtensibilityGlobals) = postSolution
		SolutionGuid = {B9B01812-3796-4B5E-8866-38CE9F9B5A17}
	EndGlobalSection
EndGlobal
