
Microsoft Visual Studio Solution File, Format Version 12.00
# Visual Studio Version 17
VisualStudioVersion = 17.4.33213.308
MinimumVisualStudioVersion = 10.0.40219.1
Project("{9A19103F-16F7-4668-BE54-9A1E7A4F7556}") = "DataAggregation", "DataAggregation\DataAggregation.csproj", "{697A6CDC-C6A1-495C-A25C-F201E4F915A7}"
EndProject
Global
	GlobalSection(SolutionConfigurationPlatforms) = preSolution
		Debug|Any CPU = Debug|Any CPU
		Release|Any CPU = Release|Any CPU
	EndGlobalSection
	GlobalSection(ProjectConfigurationPlatforms) = postSolution
		{697A6CDC-C6A1-495C-A25C-F201E4F915A7}.Debug|Any CPU.ActiveCfg = Debug|Any CPU
		{697A6CDC-C6A1-495C-A25C-F201E4F915A7}.Debug|Any CPU.Build.0 = Debug|Any CPU
		{697A6CDC-C6A1-495C-A25C-F201E4F915A7}.Release|Any CPU.ActiveCfg = Release|Any CPU
		{697A6CDC-C6A1-495C-A25C-F201E4F915A7}.Release|Any CPU.Build.0 = Release|Any CPU
	EndGlobalSection
	GlobalSection(SolutionProperties) = preSolution
		HideSolutionNode = FALSE
	EndGlobalSection
	GlobalSection(ExtensibilityGlobals) = postSolution
		SolutionGuid = {A3E2D16C-2A70-4DB6-A533-CE1D45B808F3}
	EndGlobalSection
EndGlobal
