
Microsoft Visual Studio Solution File, Format Version 12.00
# Visual Studio Version 17
VisualStudioVersion = 17.4.33213.308
MinimumVisualStudioVersion = 10.0.40219.1
Project("{FAE04EC0-301F-11D3-BF4B-00C04F79EFBC}") = "DataAggregation", "DataAggregation\DataAggregation.csproj", "{8EC49F84-CD10-4A4C-9982-6125CEBCE577}"
EndProject
Global
	GlobalSection(SolutionConfigurationPlatforms) = preSolution
		Debug|Any CPU = Debug|Any CPU
		Release|Any CPU = Release|Any CPU
	EndGlobalSection
	GlobalSection(ProjectConfigurationPlatforms) = postSolution
		{8EC49F84-CD10-4A4C-9982-6125CEBCE577}.Debug|Any CPU.ActiveCfg = Debug|Any CPU
		{8EC49F84-CD10-4A4C-9982-6125CEBCE577}.Debug|Any CPU.Build.0 = Debug|Any CPU
		{8EC49F84-CD10-4A4C-9982-6125CEBCE577}.Release|Any CPU.ActiveCfg = Release|Any CPU
		{8EC49F84-CD10-4A4C-9982-6125CEBCE577}.Release|Any CPU.Build.0 = Release|Any CPU
	EndGlobalSection
	GlobalSection(SolutionProperties) = preSolution
		HideSolutionNode = FALSE
	EndGlobalSection
	GlobalSection(ExtensibilityGlobals) = postSolution
		SolutionGuid = {A3E2D16C-2A70-4DB6-A533-CE1D45B808F3}
	EndGlobalSection
EndGlobal
