
Microsoft Visual Studio Solution File, Format Version 12.00
# Visual Studio Version 17
VisualStudioVersion = 17.4.33213.308
MinimumVisualStudioVersion = 10.0.40219.1
Project("{FAE04EC0-301F-11D3-BF4B-00C04F79EFBC}") = "DataIntegration", "DataIntegration\DataIntegration.csproj", "{4F9E4603-15A6-46B8-9F79-BC3B979A8B0E}"
EndProject
Global
	GlobalSection(SolutionConfigurationPlatforms) = preSolution
		Debug|Any CPU = Debug|Any CPU
		Release|Any CPU = Release|Any CPU
	EndGlobalSection
	GlobalSection(ProjectConfigurationPlatforms) = postSolution
		{4F9E4603-15A6-46B8-9F79-BC3B979A8B0E}.Debug|Any CPU.ActiveCfg = Debug|Any CPU
		{4F9E4603-15A6-46B8-9F79-BC3B979A8B0E}.Debug|Any CPU.Build.0 = Debug|Any CPU
		{4F9E4603-15A6-46B8-9F79-BC3B979A8B0E}.Release|Any CPU.ActiveCfg = Release|Any CPU
		{4F9E4603-15A6-46B8-9F79-BC3B979A8B0E}.Release|Any CPU.Build.0 = Release|Any CPU
	EndGlobalSection
	GlobalSection(SolutionProperties) = preSolution
		HideSolutionNode = FALSE
	EndGlobalSection
	GlobalSection(ExtensibilityGlobals) = postSolution
		SolutionGuid = {A3E2D16C-2A70-4DB6-A533-CE1D45B808F3}
	EndGlobalSection
EndGlobal
